
Microsoft Visual Studio Solution File, Format Version 12.00
# Visual Studio 15
VisualStudioVersion = 15.0.26124.0
MinimumVisualStudioVersion = 15.0.26124.0
Project("{FAE04EC0-301F-11D3-BF4B-00C04F79EFBC}") = "Todo.Domain", "Todo.Domain\Todo.Domain.csproj", "{E50453F5-1E4E-4B18-9319-E367A4E934AD}"
EndProject
Project("{FAE04EC0-301F-11D3-BF4B-00C04F79EFBC}") = "Todo.Domain.Api", "Todo.Domain.Api\Todo.Domain.Api.csproj", "{D807E64F-6255-4353-8699-DD74D7335E9B}"
EndProject
Project("{FAE04EC0-301F-11D3-BF4B-00C04F79EFBC}") = "Todo.Domain.Tests", "Todo.Domain.Tests\Todo.Domain.Tests.csproj", "{A8137547-D8D3-42CD-BE0F-D435EC5CAB7F}"
EndProject
Project("{FAE04EC0-301F-11D3-BF4B-00C04F79EFBC}") = "Todo.Domain.Infra", "Todo.Domain.Infra\Todo.Domain.Infra.csproj", "{AD09F2DD-BC5A-44F4-BF61-298EAD4CE70B}"
EndProject
Global
	GlobalSection(SolutionConfigurationPlatforms) = preSolution
		Debug|Any CPU = Debug|Any CPU
		Debug|x64 = Debug|x64
		Debug|x86 = Debug|x86
		Release|Any CPU = Release|Any CPU
		Release|x64 = Release|x64
		Release|x86 = Release|x86
	EndGlobalSection
	GlobalSection(SolutionProperties) = preSolution
		HideSolutionNode = FALSE
	EndGlobalSection
	GlobalSection(ProjectConfigurationPlatforms) = postSolution
		{E50453F5-1E4E-4B18-9319-E367A4E934AD}.Debug|Any CPU.ActiveCfg = Debug|Any CPU
		{E50453F5-1E4E-4B18-9319-E367A4E934AD}.Debug|Any CPU.Build.0 = Debug|Any CPU
		{E50453F5-1E4E-4B18-9319-E367A4E934AD}.Debug|x64.ActiveCfg = Debug|Any CPU
		{E50453F5-1E4E-4B18-9319-E367A4E934AD}.Debug|x64.Build.0 = Debug|Any CPU
		{E50453F5-1E4E-4B18-9319-E367A4E934AD}.Debug|x86.ActiveCfg = Debug|Any CPU
		{E50453F5-1E4E-4B18-9319-E367A4E934AD}.Debug|x86.Build.0 = Debug|Any CPU
		{E50453F5-1E4E-4B18-9319-E367A4E934AD}.Release|Any CPU.ActiveCfg = Release|Any CPU
		{E50453F5-1E4E-4B18-9319-E367A4E934AD}.Release|Any CPU.Build.0 = Release|Any CPU
		{E50453F5-1E4E-4B18-9319-E367A4E934AD}.Release|x64.ActiveCfg = Release|Any CPU
		{E50453F5-1E4E-4B18-9319-E367A4E934AD}.Release|x64.Build.0 = Release|Any CPU
		{E50453F5-1E4E-4B18-9319-E367A4E934AD}.Release|x86.ActiveCfg = Release|Any CPU
		{E50453F5-1E4E-4B18-9319-E367A4E934AD}.Release|x86.Build.0 = Release|Any CPU
		{D807E64F-6255-4353-8699-DD74D7335E9B}.Debug|Any CPU.ActiveCfg = Debug|Any CPU
		{D807E64F-6255-4353-8699-DD74D7335E9B}.Debug|Any CPU.Build.0 = Debug|Any CPU
		{D807E64F-6255-4353-8699-DD74D7335E9B}.Debug|x64.ActiveCfg = Debug|Any CPU
		{D807E64F-6255-4353-8699-DD74D7335E9B}.Debug|x64.Build.0 = Debug|Any CPU
		{D807E64F-6255-4353-8699-DD74D7335E9B}.Debug|x86.ActiveCfg = Debug|Any CPU
		{D807E64F-6255-4353-8699-DD74D7335E9B}.Debug|x86.Build.0 = Debug|Any CPU
		{D807E64F-6255-4353-8699-DD74D7335E9B}.Release|Any CPU.ActiveCfg = Release|Any CPU
		{D807E64F-6255-4353-8699-DD74D7335E9B}.Release|Any CPU.Build.0 = Release|Any CPU
		{D807E64F-6255-4353-8699-DD74D7335E9B}.Release|x64.ActiveCfg = Release|Any CPU
		{D807E64F-6255-4353-8699-DD74D7335E9B}.Release|x64.Build.0 = Release|Any CPU
		{D807E64F-6255-4353-8699-DD74D7335E9B}.Release|x86.ActiveCfg = Release|Any CPU
		{D807E64F-6255-4353-8699-DD74D7335E9B}.Release|x86.Build.0 = Release|Any CPU
		{A8137547-D8D3-42CD-BE0F-D435EC5CAB7F}.Debug|Any CPU.ActiveCfg = Debug|Any CPU
		{A8137547-D8D3-42CD-BE0F-D435EC5CAB7F}.Debug|Any CPU.Build.0 = Debug|Any CPU
		{A8137547-D8D3-42CD-BE0F-D435EC5CAB7F}.Debug|x64.ActiveCfg = Debug|Any CPU
		{A8137547-D8D3-42CD-BE0F-D435EC5CAB7F}.Debug|x64.Build.0 = Debug|Any CPU
		{A8137547-D8D3-42CD-BE0F-D435EC5CAB7F}.Debug|x86.ActiveCfg = Debug|Any CPU
		{A8137547-D8D3-42CD-BE0F-D435EC5CAB7F}.Debug|x86.Build.0 = Debug|Any CPU
		{A8137547-D8D3-42CD-BE0F-D435EC5CAB7F}.Release|Any CPU.ActiveCfg = Release|Any CPU
		{A8137547-D8D3-42CD-BE0F-D435EC5CAB7F}.Release|Any CPU.Build.0 = Release|Any CPU
		{A8137547-D8D3-42CD-BE0F-D435EC5CAB7F}.Release|x64.ActiveCfg = Release|Any CPU
		{A8137547-D8D3-42CD-BE0F-D435EC5CAB7F}.Release|x64.Build.0 = Release|Any CPU
		{A8137547-D8D3-42CD-BE0F-D435EC5CAB7F}.Release|x86.ActiveCfg = Release|Any CPU
		{A8137547-D8D3-42CD-BE0F-D435EC5CAB7F}.Release|x86.Build.0 = Release|Any CPU
		{AD09F2DD-BC5A-44F4-BF61-298EAD4CE70B}.Debug|Any CPU.ActiveCfg = Debug|Any CPU
		{AD09F2DD-BC5A-44F4-BF61-298EAD4CE70B}.Debug|Any CPU.Build.0 = Debug|Any CPU
		{AD09F2DD-BC5A-44F4-BF61-298EAD4CE70B}.Debug|x64.ActiveCfg = Debug|Any CPU
		{AD09F2DD-BC5A-44F4-BF61-298EAD4CE70B}.Debug|x64.Build.0 = Debug|Any CPU
		{AD09F2DD-BC5A-44F4-BF61-298EAD4CE70B}.Debug|x86.ActiveCfg = Debug|Any CPU
		{AD09F2DD-BC5A-44F4-BF61-298EAD4CE70B}.Debug|x86.Build.0 = Debug|Any CPU
		{AD09F2DD-BC5A-44F4-BF61-298EAD4CE70B}.Release|Any CPU.ActiveCfg = Release|Any CPU
		{AD09F2DD-BC5A-44F4-BF61-298EAD4CE70B}.Release|Any CPU.Build.0 = Release|Any CPU
		{AD09F2DD-BC5A-44F4-BF61-298EAD4CE70B}.Release|x64.ActiveCfg = Release|Any CPU
		{AD09F2DD-BC5A-44F4-BF61-298EAD4CE70B}.Release|x64.Build.0 = Release|Any CPU
		{AD09F2DD-BC5A-44F4-BF61-298EAD4CE70B}.Release|x86.ActiveCfg = Release|Any CPU
		{AD09F2DD-BC5A-44F4-BF61-298EAD4CE70B}.Release|x86.Build.0 = Release|Any CPU
	EndGlobalSection
EndGlobal
